{
  "name": "vuepressBlogDemo",
  "version": "1.0.0",
  "lockfileVersion": 1,
  "requires": true,
  "dependencies": {
    "@vssue/api-github-v3": {
      "version": "1.4.7",
      "resolved": "https://registry.npmjs.org/@vssue/api-github-v3/-/api-github-v3-1.4.7.tgz",
      "integrity": "sha512-ukhOnzGQarmj606ZiYN9iCMyr3EJS3YEPdZXX+zBLVsuzjTL5ffLbbpXsEtPBh2XNt3Ig3XdzCvA9bVXhwy4mQ==",
      "requires": {
        "@vssue/utils": "^1.4.7",
        "axios": "^0.21.1"
      },
      "dependencies": {
        "@vssue/utils": {
          "version": "1.4.7",
          "resolved": "https://registry.npmjs.org/@vssue/utils/-/utils-1.4.7.tgz",
          "integrity": "sha512-e94karP4szmSNT2L4bgIT+VGToBSY3bdlgmGcomcD2qCXTWDK4krSOYm8ES+BhHTcmCvzQYU/xenHR4tzrythA==",
          "requires": {
            "date-fns": "^1.29.0",
            "qs": "^6.6.0"
          }
        }
      }
    },
    "@vssue/utils": {
      "version": "1.0.0",
      "resolved": "https://registry.npm.taobao.org/@vssue/utils/download/@vssue/utils-1.0.0.tgz",
      "integrity": "sha1-IaFdY6kQkot0u2Aehxoq73JwMGc=",
      "requires": {
        "date-fns": "^1.29.0",
        "qs": "^6.6.0"
      }
    },
    "@vssue/vuepress-plugin-vssue": {
      "version": "1.0.2",
      "resolved": "https://registry.npm.taobao.org/@vssue/vuepress-plugin-vssue/download/@vssue/vuepress-plugin-vssue-1.0.2.tgz",
      "integrity": "sha1-j9ukG3JYyyLsG2XMMRi+sC4mHLw=",
      "requires": {
        "vssue": "^1.0.2"
      }
    },
    "axios": {
      "version": "0.21.4",
      "resolved": "https://registry.npmjs.org/axios/-/axios-0.21.4.tgz",
      "integrity": "sha512-ut5vewkiu8jjGBdqpM44XxjuCjq9LAKeHVmoVfHVzy8eHgxxq8SbAVQNovDA8mVi05kP0Ea/n/UzcSHcTJQfNg==",
      "requires": {
        "follow-redirects": "^1.14.0"
      }
    },
    "date-fns": {
      "version": "1.30.1",
      "resolved": "https://registry.npm.taobao.org/date-fns/download/date-fns-1.30.1.tgz",
      "integrity": "sha1-LnG/CxGRU9u0zE6I2epaz7UNwFw="
    },
    "follow-redirects": {
      "version": "1.15.2",
      "resolved": "https://registry.npmjs.org/follow-redirects/-/follow-redirects-1.15.2.tgz",
      "integrity": "sha512-VQLG33o04KaQ8uYi2tVNbdrWp1QWxNNea+nmIB4EVM28v0hmP17z7aG1+wAkNzVq4KeXTq3221ye5qTJP91JwA=="
    },
    "github-markdown-css": {
      "version": "3.0.1",
      "resolved": "https://registry.npm.taobao.org/github-markdown-css/download/github-markdown-css-3.0.1.tgz",
      "integrity": "sha1-0I2xBg0uGCAl4NB9VHz+Kv7TAgU="
    },
    "qs": {
      "version": "6.7.0",
      "resolved": "http://registry.npm.taobao.org/qs/download/qs-6.7.0.tgz",
      "integrity": "sha1-QdwaAV49WB8WIXdr4xr7KHapsbw="
    },
    "vssue": {
      "version": "1.0.2",
      "resolved": "https://registry.npm.taobao.org/vssue/download/vssue-1.0.2.tgz",
      "integrity": "sha1-Uf+fugLfVqQ6q+vAN7WYVMsnAbU=",
      "requires": {
        "@vssue/utils": "^1.0.0",
        "github-markdown-css": "^3.0.1",
        "vue": "^2.6.10",
        "vue-i18n": "^8.11.2",
        "vue-property-decorator": "^8.1.1"
      }
    },
    "vue": {
      "version": "2.6.10",
      "resolved": "https://registry.npm.taobao.org/vue/download/vue-2.6.10.tgz",
      "integrity": "sha1-pysaQqTYKnIepDjRtr9V5mGVxjc="
    },
    "vue-class-component": {
      "version": "7.1.0",
      "resolved": "https://registry.npm.taobao.org/vue-class-component/download/vue-class-component-7.1.0.tgz",
      "integrity": "sha1-sz78sQ4XI21oT3Cx6W8ZRux5Poc="
    },
    "vue-i18n": {
      "version": "8.12.0",
      "resolved": "https://registry.npm.taobao.org/vue-i18n/download/vue-i18n-8.12.0.tgz",
      "integrity": "sha1-JbVun6t+eKD/WLi0+6M2rTKMzhE="
    },
    "vue-property-decorator": {
      "version": "8.2.1",
      "resolved": "https://registry.npm.taobao.org/vue-property-decorator/download/vue-property-decorator-8.2.1.tgz",
      "integrity": "sha1-N5FmIDOyDSDQmMsg6G/SOEKYJQg=",
      "requires": {
        "vue": "^2.6.10",
        "vue-class-component": "^7.0.1"
      }
    }
  }
}
